
Microsoft Visual Studio Solution File, Format Version 12.00
# Visual Studio Version 16
VisualStudioVersion = 16.0.35425.106
MinimumVisualStudioVersion = 10.0.40219.1
Project("{FAE04EC0-301F-11D3-BF4B-00C04F79EFBC}") = "NKSS_EnviroWatchWare_APi", "NKSS_EnviroWatchWare_APi\NKSS_EnviroWatchWare_APi.csproj", "{0B7B8AB7-7AC0-47D1-950F-83EB6DEC6AE1}"
EndProject
Project("{FAE04EC0-301F-11D3-BF4B-00C04F79EFBC}") = "Models", "Models\Models.csproj", "{17B7FFF2-B137-46C2-A774-08E9D5627A5F}"
EndProject
Project("{FAE04EC0-301F-11D3-BF4B-00C04F79EFBC}") = "Repositories", "Repositories\Repositories.csproj", "{30E22C99-7C1E-45C7-8AAA-642C47E58A47}"
EndProject
Project("{FAE04EC0-301F-11D3-BF4B-00C04F79EFBC}") = "Services", "Services\Services.csproj", "{022927DD-D0D5-4872-A8EE-2CDB5871C0E3}"
EndProject
Project("{2150E333-8FDC-42A3-9474-1A3956D46DE8}") = "WindowsServices", "WindowsServices", "{8AE5EEDC-6492-47FF-98F4-8ECB0D2431E9}"
EndProject
Project("{FAE04EC0-301F-11D3-BF4B-00C04F79EFBC}") = "NKSS_EnviroMonitor", "NKSS_EnviroMonitor\NKSS_EnviroMonitor.csproj", "{30F10ABA-2011-44A0-84D0-8DE1EDE2E753}"
EndProject
Project("{FAE04EC0-301F-11D3-BF4B-00C04F79EFBC}") = "Protocol", "Protocol\Protocol.csproj", "{398403C7-9183-4EFE-B8C5-3A481A2D041A}"
EndProject
Project("{2150E333-8FDC-42A3-9474-1A3956D46DE8}") = "Testing", "Testing", "{03CA1619-E43E-4BE5-AE9D-B56FEF12F99D}"
EndProject
Project("{FAE04EC0-301F-11D3-BF4B-00C04F79EFBC}") = "EnviroMonitorTest", "EnviroMonitorTest\EnviroMonitorTest.csproj", "{0C863361-76D0-43D4-AC77-FF869ADBB5EB}"
EndProject
Project("{2150E333-8FDC-42A3-9474-1A3956D46DE8}") = "WindowsServiceSetups", "WindowsServiceSetups", "{CE7321C8-6CA7-438A-B1A4-7491B25B289E}"
EndProject
Project("{54435603-DBB4-11D2-8724-00A0C9A8B90C}") = "NKSS_EnviroMonitorSetup", "NKSS_EnviroMonitorSetup\NKSS_EnviroMonitorSetup.vdproj", "{597DB52D-C076-4523-9DF7-3F8B448A911E}"
EndProject
Project("{FAE04EC0-301F-11D3-BF4B-00C04F79EFBC}") = "RepositoriesTest", "RepositoriesTest\RepositoriesTest.csproj", "{E9B1FE03-DFCC-4D60-A9CF-F4D2EBA9B79B}"
EndProject
Global
	GlobalSection(SolutionConfigurationPlatforms) = preSolution
		Debug|Any CPU = Debug|Any CPU
		Release|Any CPU = Release|Any CPU
	EndGlobalSection
	GlobalSection(ProjectConfigurationPlatforms) = postSolution
		{0B7B8AB7-7AC0-47D1-950F-83EB6DEC6AE1}.Debug|Any CPU.ActiveCfg = Debug|Any CPU
		{0B7B8AB7-7AC0-47D1-950F-83EB6DEC6AE1}.Debug|Any CPU.Build.0 = Debug|Any CPU
		{0B7B8AB7-7AC0-47D1-950F-83EB6DEC6AE1}.Release|Any CPU.ActiveCfg = Release|Any CPU
		{0B7B8AB7-7AC0-47D1-950F-83EB6DEC6AE1}.Release|Any CPU.Build.0 = Release|Any CPU
		{17B7FFF2-B137-46C2-A774-08E9D5627A5F}.Debug|Any CPU.ActiveCfg = Debug|Any CPU
		{17B7FFF2-B137-46C2-A774-08E9D5627A5F}.Debug|Any CPU.Build.0 = Debug|Any CPU
		{17B7FFF2-B137-46C2-A774-08E9D5627A5F}.Release|Any CPU.ActiveCfg = Release|Any CPU
		{17B7FFF2-B137-46C2-A774-08E9D5627A5F}.Release|Any CPU.Build.0 = Release|Any CPU
		{30E22C99-7C1E-45C7-8AAA-642C47E58A47}.Debug|Any CPU.ActiveCfg = Debug|Any CPU
		{30E22C99-7C1E-45C7-8AAA-642C47E58A47}.Debug|Any CPU.Build.0 = Debug|Any CPU
		{30E22C99-7C1E-45C7-8AAA-642C47E58A47}.Release|Any CPU.ActiveCfg = Release|Any CPU
		{30E22C99-7C1E-45C7-8AAA-642C47E58A47}.Release|Any CPU.Build.0 = Release|Any CPU
		{022927DD-D0D5-4872-A8EE-2CDB5871C0E3}.Debug|Any CPU.ActiveCfg = Debug|Any CPU
		{022927DD-D0D5-4872-A8EE-2CDB5871C0E3}.Debug|Any CPU.Build.0 = Debug|Any CPU
		{022927DD-D0D5-4872-A8EE-2CDB5871C0E3}.Release|Any CPU.ActiveCfg = Release|Any CPU
		{022927DD-D0D5-4872-A8EE-2CDB5871C0E3}.Release|Any CPU.Build.0 = Release|Any CPU
		{30F10ABA-2011-44A0-84D0-8DE1EDE2E753}.Debug|Any CPU.ActiveCfg = Debug|Any CPU
		{30F10ABA-2011-44A0-84D0-8DE1EDE2E753}.Debug|Any CPU.Build.0 = Debug|Any CPU
		{30F10ABA-2011-44A0-84D0-8DE1EDE2E753}.Release|Any CPU.ActiveCfg = Release|Any CPU
		{30F10ABA-2011-44A0-84D0-8DE1EDE2E753}.Release|Any CPU.Build.0 = Release|Any CPU
		{398403C7-9183-4EFE-B8C5-3A481A2D041A}.Debug|Any CPU.ActiveCfg = Debug|Any CPU
		{398403C7-9183-4EFE-B8C5-3A481A2D041A}.Debug|Any CPU.Build.0 = Debug|Any CPU
		{398403C7-9183-4EFE-B8C5-3A481A2D041A}.Release|Any CPU.ActiveCfg = Release|Any CPU
		{398403C7-9183-4EFE-B8C5-3A481A2D041A}.Release|Any CPU.Build.0 = Release|Any CPU
		{0C863361-76D0-43D4-AC77-FF869ADBB5EB}.Debug|Any CPU.ActiveCfg = Debug|Any CPU
		{0C863361-76D0-43D4-AC77-FF869ADBB5EB}.Debug|Any CPU.Build.0 = Debug|Any CPU
		{0C863361-76D0-43D4-AC77-FF869ADBB5EB}.Release|Any CPU.ActiveCfg = Release|Any CPU
		{0C863361-76D0-43D4-AC77-FF869ADBB5EB}.Release|Any CPU.Build.0 = Release|Any CPU
		{597DB52D-C076-4523-9DF7-3F8B448A911E}.Debug|Any CPU.ActiveCfg = Debug
		{597DB52D-C076-4523-9DF7-3F8B448A911E}.Release|Any CPU.ActiveCfg = Release
		{E9B1FE03-DFCC-4D60-A9CF-F4D2EBA9B79B}.Debug|Any CPU.ActiveCfg = Debug|Any CPU
		{E9B1FE03-DFCC-4D60-A9CF-F4D2EBA9B79B}.Debug|Any CPU.Build.0 = Debug|Any CPU
		{E9B1FE03-DFCC-4D60-A9CF-F4D2EBA9B79B}.Release|Any CPU.ActiveCfg = Release|Any CPU
		{E9B1FE03-DFCC-4D60-A9CF-F4D2EBA9B79B}.Release|Any CPU.Build.0 = Release|Any CPU
	EndGlobalSection
	GlobalSection(SolutionProperties) = preSolution
		HideSolutionNode = FALSE
	EndGlobalSection
	GlobalSection(NestedProjects) = preSolution
		{30F10ABA-2011-44A0-84D0-8DE1EDE2E753} = {8AE5EEDC-6492-47FF-98F4-8ECB0D2431E9}
		{0C863361-76D0-43D4-AC77-FF869ADBB5EB} = {03CA1619-E43E-4BE5-AE9D-B56FEF12F99D}
		{597DB52D-C076-4523-9DF7-3F8B448A911E} = {CE7321C8-6CA7-438A-B1A4-7491B25B289E}
		{E9B1FE03-DFCC-4D60-A9CF-F4D2EBA9B79B} = {03CA1619-E43E-4BE5-AE9D-B56FEF12F99D}
	EndGlobalSection
	GlobalSection(ExtensibilityGlobals) = postSolution
		SolutionGuid = {B5CDBF8C-8B93-40FD-97AE-7DBEC5C26586}
	EndGlobalSection
EndGlobal
